
Microsoft Visual Studio Solution File, Format Version 12.00
# Visual Studio 15
VisualStudioVersion = 15.0.26730.16
MinimumVisualStudioVersion = 10.0.40219.1
Project("{FAE04EC0-301F-11D3-BF4B-00C04F79EFBC}") = "B4.PE2.DellobelI.Android", "B4.PE2.DellobelI\B4.PE2.DellobelI.Android\B4.PE2.DellobelI.Android.csproj", "{300289F0-AB05-4C89-BB76-7BBFA93D37D8}"
EndProject
Project("{FAE04EC0-301F-11D3-BF4B-00C04F79EFBC}") = "B4.PE2.DellobelI", "B4.PE2.DellobelI\B4.PE2.DellobelI\B4.PE2.DellobelI.csproj", "{226DAB68-1730-4E2D-BC68-13405E6EE2BA}"
EndProject
Project("{FAE04EC0-301F-11D3-BF4B-00C04F79EFBC}") = "B4.PE2.DellobelI.UWP", "B4.PE2.DellobelI\B4.PE2.DellobelI.UWP\B4.PE2.DellobelI.UWP.csproj", "{122D5B3C-CA22-4327-9C3F-F2E766100952}"
EndProject
Project("{FAE04EC0-301F-11D3-BF4B-00C04F79EFBC}") = "B4.PE2.DellobelI.iOS", "B4.PE2.DellobelI\B4.PE2.DellobelI.iOS\B4.PE2.DellobelI.iOS.csproj", "{B487B618-9374-4AD6-A3E0-A890CAFF5CD9}"
EndProject
Global
	GlobalSection(SolutionConfigurationPlatforms) = preSolution
		Ad-Hoc|Any CPU = Ad-Hoc|Any CPU
		Ad-Hoc|ARM = Ad-Hoc|ARM
		Ad-Hoc|iPhone = Ad-Hoc|iPhone
		Ad-Hoc|iPhoneSimulator = Ad-Hoc|iPhoneSimulator
		Ad-Hoc|x64 = Ad-Hoc|x64
		Ad-Hoc|x86 = Ad-Hoc|x86
		AppStore|Any CPU = AppStore|Any CPU
		AppStore|ARM = AppStore|ARM
		AppStore|iPhone = AppStore|iPhone
		AppStore|iPhoneSimulator = AppStore|iPhoneSimulator
		AppStore|x64 = AppStore|x64
		AppStore|x86 = AppStore|x86
		Debug|Any CPU = Debug|Any CPU
		Debug|ARM = Debug|ARM
		Debug|iPhone = Debug|iPhone
		Debug|iPhoneSimulator = Debug|iPhoneSimulator
		Debug|x64 = Debug|x64
		Debug|x86 = Debug|x86
		Release|Any CPU = Release|Any CPU
		Release|ARM = Release|ARM
		Release|iPhone = Release|iPhone
		Release|iPhoneSimulator = Release|iPhoneSimulator
		Release|x64 = Release|x64
		Release|x86 = Release|x86
	EndGlobalSection
	GlobalSection(ProjectConfigurationPlatforms) = postSolution
		{300289F0-AB05-4C89-BB76-7BBFA93D37D8}.Ad-Hoc|Any CPU.ActiveCfg = Release|Any CPU
		{300289F0-AB05-4C89-BB76-7BBFA93D37D8}.Ad-Hoc|Any CPU.Build.0 = Release|Any CPU
		{300289F0-AB05-4C89-BB76-7BBFA93D37D8}.Ad-Hoc|Any CPU.Deploy.0 = Release|Any CPU
		{300289F0-AB05-4C89-BB76-7BBFA93D37D8}.Ad-Hoc|ARM.ActiveCfg = Release|Any CPU
		{300289F0-AB05-4C89-BB76-7BBFA93D37D8}.Ad-Hoc|ARM.Build.0 = Release|Any CPU
		{300289F0-AB05-4C89-BB76-7BBFA93D37D8}.Ad-Hoc|ARM.Deploy.0 = Release|Any CPU
		{300289F0-AB05-4C89-BB76-7BBFA93D37D8}.Ad-Hoc|iPhone.ActiveCfg = Release|Any CPU
		{300289F0-AB05-4C89-BB76-7BBFA93D37D8}.Ad-Hoc|iPhone.Build.0 = Release|Any CPU
		{300289F0-AB05-4C89-BB76-7BBFA93D37D8}.Ad-Hoc|iPhone.Deploy.0 = Release|Any CPU
		{300289F0-AB05-4C89-BB76-7BBFA93D37D8}.Ad-Hoc|iPhoneSimulator.ActiveCfg = Release|Any CPU
		{300289F0-AB05-4C89-BB76-7BBFA93D37D8}.Ad-Hoc|iPhoneSimulator.Build.0 = Release|Any CPU
		{300289F0-AB05-4C89-BB76-7BBFA93D37D8}.Ad-Hoc|iPhoneSimulator.Deploy.0 = Release|Any CPU
		{300289F0-AB05-4C89-BB76-7BBFA93D37D8}.Ad-Hoc|x64.ActiveCfg = Release|Any CPU
		{300289F0-AB05-4C89-BB76-7BBFA93D37D8}.Ad-Hoc|x64.Build.0 = Release|Any CPU
		{300289F0-AB05-4C89-BB76-7BBFA93D37D8}.Ad-Hoc|x64.Deploy.0 = Release|Any CPU
		{300289F0-AB05-4C89-BB76-7BBFA93D37D8}.Ad-Hoc|x86.ActiveCfg = Release|Any CPU
		{300289F0-AB05-4C89-BB76-7BBFA93D37D8}.Ad-Hoc|x86.Build.0 = Release|Any CPU
		{300289F0-AB05-4C89-BB76-7BBFA93D37D8}.Ad-Hoc|x86.Deploy.0 = Release|Any CPU
		{300289F0-AB05-4C89-BB76-7BBFA93D37D8}.AppStore|Any CPU.ActiveCfg = Release|Any CPU
		{300289F0-AB05-4C89-BB76-7BBFA93D37D8}.AppStore|Any CPU.Build.0 = Release|Any CPU
		{300289F0-AB05-4C89-BB76-7BBFA93D37D8}.AppStore|Any CPU.Deploy.0 = Release|Any CPU
		{300289F0-AB05-4C89-BB76-7BBFA93D37D8}.AppStore|ARM.ActiveCfg = Release|Any CPU
		{300289F0-AB05-4C89-BB76-7BBFA93D37D8}.AppStore|ARM.Build.0 = Release|Any CPU
		{300289F0-AB05-4C89-BB76-7BBFA93D37D8}.AppStore|ARM.Deploy.0 = Release|Any CPU
		{300289F0-AB05-4C89-BB76-7BBFA93D37D8}.AppStore|iPhone.ActiveCfg = Release|Any CPU
		{300289F0-AB05-4C89-BB76-7BBFA93D37D8}.AppStore|iPhone.Build.0 = Release|Any CPU
		{300289F0-AB05-4C89-BB76-7BBFA93D37D8}.AppStore|iPhone.Deploy.0 = Release|Any CPU
		{300289F0-AB05-4C89-BB76-7BBFA93D37D8}.AppStore|iPhoneSimulator.ActiveCfg = Release|Any CPU
		{300289F0-AB05-4C89-BB76-7BBFA93D37D8}.AppStore|iPhoneSimulator.Build.0 = Release|Any CPU
		{300289F0-AB05-4C89-BB76-7BBFA93D37D8}.AppStore|iPhoneSimulator.Deploy.0 = Release|Any CPU
		{300289F0-AB05-4C89-BB76-7BBFA93D37D8}.AppStore|x64.ActiveCfg = Release|Any CPU
		{300289F0-AB05-4C89-BB76-7BBFA93D37D8}.AppStore|x64.Build.0 = Release|Any CPU
		{300289F0-AB05-4C89-BB76-7BBFA93D37D8}.AppStore|x64.Deploy.0 = Release|Any CPU
		{300289F0-AB05-4C89-BB76-7BBFA93D37D8}.AppStore|x86.ActiveCfg = Release|Any CPU
		{300289F0-AB05-4C89-BB76-7BBFA93D37D8}.AppStore|x86.Build.0 = Release|Any CPU
		{300289F0-AB05-4C89-BB76-7BBFA93D37D8}.AppStore|x86.Deploy.0 = Release|Any CPU
		{300289F0-AB05-4C89-BB76-7BBFA93D37D8}.Debug|Any CPU.ActiveCfg = Debug|Any CPU
		{300289F0-AB05-4C89-BB76-7BBFA93D37D8}.Debug|Any CPU.Build.0 = Debug|Any CPU
		{300289F0-AB05-4C89-BB76-7BBFA93D37D8}.Debug|Any CPU.Deploy.0 = Debug|Any CPU
		{300289F0-AB05-4C89-BB76-7BBFA93D37D8}.Debug|ARM.ActiveCfg = Debug|Any CPU
		{300289F0-AB05-4C89-BB76-7BBFA93D37D8}.Debug|ARM.Build.0 = Debug|Any CPU
		{300289F0-AB05-4C89-BB76-7BBFA93D37D8}.Debug|ARM.Deploy.0 = Debug|Any CPU
		{300289F0-AB05-4C89-BB76-7BBFA93D37D8}.Debug|iPhone.ActiveCfg = Debug|Any CPU
		{300289F0-AB05-4C89-BB76-7BBFA93D37D8}.Debug|iPhone.Build.0 = Debug|Any CPU
		{300289F0-AB05-4C89-BB76-7BBFA93D37D8}.Debug|iPhone.Deploy.0 = Debug|Any CPU
		{300289F0-AB05-4C89-BB76-7BBFA93D37D8}.Debug|iPhoneSimulator.ActiveCfg = Debug|Any CPU
		{300289F0-AB05-4C89-BB76-7BBFA93D37D8}.Debug|iPhoneSimulator.Build.0 = Debug|Any CPU
		{300289F0-AB05-4C89-BB76-7BBFA93D37D8}.Debug|iPhoneSimulator.Deploy.0 = Debug|Any CPU
		{300289F0-AB05-4C89-BB76-7BBFA93D37D8}.Debug|x64.ActiveCfg = Debug|Any CPU
		{300289F0-AB05-4C89-BB76-7BBFA93D37D8}.Debug|x64.Build.0 = Debug|Any CPU
		{300289F0-AB05-4C89-BB76-7BBFA93D37D8}.Debug|x64.Deploy.0 = Debug|Any CPU
		{300289F0-AB05-4C89-BB76-7BBFA93D37D8}.Debug|x86.ActiveCfg = Debug|Any CPU
		{300289F0-AB05-4C89-BB76-7BBFA93D37D8}.Debug|x86.Build.0 = Debug|Any CPU
		{300289F0-AB05-4C89-BB76-7BBFA93D37D8}.Debug|x86.Deploy.0 = Debug|Any CPU
		{300289F0-AB05-4C89-BB76-7BBFA93D37D8}.Release|Any CPU.ActiveCfg = Release|Any CPU
		{300289F0-AB05-4C89-BB76-7BBFA93D37D8}.Release|Any CPU.Build.0 = Release|Any CPU
		{300289F0-AB05-4C89-BB76-7BBFA93D37D8}.Release|Any CPU.Deploy.0 = Release|Any CPU
		{300289F0-AB05-4C89-BB76-7BBFA93D37D8}.Release|ARM.ActiveCfg = Release|Any CPU
		{300289F0-AB05-4C89-BB76-7BBFA93D37D8}.Release|ARM.Build.0 = Release|Any CPU
		{300289F0-AB05-4C89-BB76-7BBFA93D37D8}.Release|ARM.Deploy.0 = Release|Any CPU
		{300289F0-AB05-4C89-BB76-7BBFA93D37D8}.Release|iPhone.ActiveCfg = Release|Any CPU
		{300289F0-AB05-4C89-BB76-7BBFA93D37D8}.Release|iPhone.Build.0 = Release|Any CPU
		{300289F0-AB05-4C89-BB76-7BBFA93D37D8}.Release|iPhone.Deploy.0 = Release|Any CPU
		{300289F0-AB05-4C89-BB76-7BBFA93D37D8}.Release|iPhoneSimulator.ActiveCfg = Release|Any CPU
		{300289F0-AB05-4C89-BB76-7BBFA93D37D8}.Release|iPhoneSimulator.Build.0 = Release|Any CPU
		{300289F0-AB05-4C89-BB76-7BBFA93D37D8}.Release|iPhoneSimulator.Deploy.0 = Release|Any CPU
		{300289F0-AB05-4C89-BB76-7BBFA93D37D8}.Release|x64.ActiveCfg = Release|Any CPU
		{300289F0-AB05-4C89-BB76-7BBFA93D37D8}.Release|x64.Build.0 = Release|Any CPU
		{300289F0-AB05-4C89-BB76-7BBFA93D37D8}.Release|x64.Deploy.0 = Release|Any CPU
		{300289F0-AB05-4C89-BB76-7BBFA93D37D8}.Release|x86.ActiveCfg = Release|Any CPU
		{300289F0-AB05-4C89-BB76-7BBFA93D37D8}.Release|x86.Build.0 = Release|Any CPU
		{300289F0-AB05-4C89-BB76-7BBFA93D37D8}.Release|x86.Deploy.0 = Release|Any CPU
		{226DAB68-1730-4E2D-BC68-13405E6EE2BA}.Ad-Hoc|Any CPU.ActiveCfg = Release|Any CPU
		{226DAB68-1730-4E2D-BC68-13405E6EE2BA}.Ad-Hoc|Any CPU.Build.0 = Release|Any CPU
		{226DAB68-1730-4E2D-BC68-13405E6EE2BA}.Ad-Hoc|ARM.ActiveCfg = Release|Any CPU
		{226DAB68-1730-4E2D-BC68-13405E6EE2BA}.Ad-Hoc|ARM.Build.0 = Release|Any CPU
		{226DAB68-1730-4E2D-BC68-13405E6EE2BA}.Ad-Hoc|iPhone.ActiveCfg = Release|Any CPU
		{226DAB68-1730-4E2D-BC68-13405E6EE2BA}.Ad-Hoc|iPhone.Build.0 = Release|Any CPU
		{226DAB68-1730-4E2D-BC68-13405E6EE2BA}.Ad-Hoc|iPhoneSimulator.ActiveCfg = Release|Any CPU
		{226DAB68-1730-4E2D-BC68-13405E6EE2BA}.Ad-Hoc|iPhoneSimulator.Build.0 = Release|Any CPU
		{226DAB68-1730-4E2D-BC68-13405E6EE2BA}.Ad-Hoc|x64.ActiveCfg = Release|Any CPU
		{226DAB68-1730-4E2D-BC68-13405E6EE2BA}.Ad-Hoc|x64.Build.0 = Release|Any CPU
		{226DAB68-1730-4E2D-BC68-13405E6EE2BA}.Ad-Hoc|x86.ActiveCfg = Release|Any CPU
		{226DAB68-1730-4E2D-BC68-13405E6EE2BA}.Ad-Hoc|x86.Build.0 = Release|Any CPU
		{226DAB68-1730-4E2D-BC68-13405E6EE2BA}.AppStore|Any CPU.ActiveCfg = Release|Any CPU
		{226DAB68-1730-4E2D-BC68-13405E6EE2BA}.AppStore|Any CPU.Build.0 = Release|Any CPU
		{226DAB68-1730-4E2D-BC68-13405E6EE2BA}.AppStore|ARM.ActiveCfg = Release|Any CPU
		{226DAB68-1730-4E2D-BC68-13405E6EE2BA}.AppStore|ARM.Build.0 = Release|Any CPU
		{226DAB68-1730-4E2D-BC68-13405E6EE2BA}.AppStore|iPhone.ActiveCfg = Release|Any CPU
		{226DAB68-1730-4E2D-BC68-13405E6EE2BA}.AppStore|iPhone.Build.0 = Release|Any CPU
		{226DAB68-1730-4E2D-BC68-13405E6EE2BA}.AppStore|iPhoneSimulator.ActiveCfg = Release|Any CPU
		{226DAB68-1730-4E2D-BC68-13405E6EE2BA}.AppStore|iPhoneSimulator.Build.0 = Release|Any CPU
		{226DAB68-1730-4E2D-BC68-13405E6EE2BA}.AppStore|x64.ActiveCfg = Release|Any CPU
		{226DAB68-1730-4E2D-BC68-13405E6EE2BA}.AppStore|x64.Build.0 = Release|Any CPU
		{226DAB68-1730-4E2D-BC68-13405E6EE2BA}.AppStore|x86.ActiveCfg = Release|Any CPU
		{226DAB68-1730-4E2D-BC68-13405E6EE2BA}.AppStore|x86.Build.0 = Release|Any CPU
		{226DAB68-1730-4E2D-BC68-13405E6EE2BA}.Debug|Any CPU.ActiveCfg = Debug|Any CPU
		{226DAB68-1730-4E2D-BC68-13405E6EE2BA}.Debug|Any CPU.Build.0 = Debug|Any CPU
		{226DAB68-1730-4E2D-BC68-13405E6EE2BA}.Debug|ARM.ActiveCfg = Debug|Any CPU
		{226DAB68-1730-4E2D-BC68-13405E6EE2BA}.Debug|ARM.Build.0 = Debug|Any CPU
		{226DAB68-1730-4E2D-BC68-13405E6EE2BA}.Debug|iPhone.ActiveCfg = Debug|Any CPU
		{226DAB68-1730-4E2D-BC68-13405E6EE2BA}.Debug|iPhone.Build.0 = Debug|Any CPU
		{226DAB68-1730-4E2D-BC68-13405E6EE2BA}.Debug|iPhoneSimulator.ActiveCfg = Debug|Any CPU
		{226DAB68-1730-4E2D-BC68-13405E6EE2BA}.Debug|iPhoneSimulator.Build.0 = Debug|Any CPU
		{226DAB68-1730-4E2D-BC68-13405E6EE2BA}.Debug|x64.ActiveCfg = Debug|Any CPU
		{226DAB68-1730-4E2D-BC68-13405E6EE2BA}.Debug|x64.Build.0 = Debug|Any CPU
		{226DAB68-1730-4E2D-BC68-13405E6EE2BA}.Debug|x86.ActiveCfg = Debug|Any CPU
		{226DAB68-1730-4E2D-BC68-13405E6EE2BA}.Debug|x86.Build.0 = Debug|Any CPU
		{226DAB68-1730-4E2D-BC68-13405E6EE2BA}.Release|Any CPU.ActiveCfg = Release|Any CPU
		{226DAB68-1730-4E2D-BC68-13405E6EE2BA}.Release|Any CPU.Build.0 = Release|Any CPU
		{226DAB68-1730-4E2D-BC68-13405E6EE2BA}.Release|ARM.ActiveCfg = Release|Any CPU
		{226DAB68-1730-4E2D-BC68-13405E6EE2BA}.Release|ARM.Build.0 = Release|Any CPU
		{226DAB68-1730-4E2D-BC68-13405E6EE2BA}.Release|iPhone.ActiveCfg = Release|Any CPU
		{226DAB68-1730-4E2D-BC68-13405E6EE2BA}.Release|iPhone.Build.0 = Release|Any CPU
		{226DAB68-1730-4E2D-BC68-13405E6EE2BA}.Release|iPhoneSimulator.ActiveCfg = Release|Any CPU
		{226DAB68-1730-4E2D-BC68-13405E6EE2BA}.Release|iPhoneSimulator.Build.0 = Release|Any CPU
		{226DAB68-1730-4E2D-BC68-13405E6EE2BA}.Release|x64.ActiveCfg = Release|Any CPU
		{226DAB68-1730-4E2D-BC68-13405E6EE2BA}.Release|x64.Build.0 = Release|Any CPU
		{226DAB68-1730-4E2D-BC68-13405E6EE2BA}.Release|x86.ActiveCfg = Release|Any CPU
		{226DAB68-1730-4E2D-BC68-13405E6EE2BA}.Release|x86.Build.0 = Release|Any CPU
		{122D5B3C-CA22-4327-9C3F-F2E766100952}.Ad-Hoc|Any CPU.ActiveCfg = Release|x86
		{122D5B3C-CA22-4327-9C3F-F2E766100952}.Ad-Hoc|Any CPU.Build.0 = Release|x86
		{122D5B3C-CA22-4327-9C3F-F2E766100952}.Ad-Hoc|Any CPU.Deploy.0 = Release|x86
		{122D5B3C-CA22-4327-9C3F-F2E766100952}.Ad-Hoc|ARM.ActiveCfg = Release|ARM
		{122D5B3C-CA22-4327-9C3F-F2E766100952}.Ad-Hoc|ARM.Build.0 = Release|ARM
		{122D5B3C-CA22-4327-9C3F-F2E766100952}.Ad-Hoc|ARM.Deploy.0 = Release|ARM
		{122D5B3C-CA22-4327-9C3F-F2E766100952}.Ad-Hoc|iPhone.ActiveCfg = Release|x86
		{122D5B3C-CA22-4327-9C3F-F2E766100952}.Ad-Hoc|iPhone.Build.0 = Release|x86
		{122D5B3C-CA22-4327-9C3F-F2E766100952}.Ad-Hoc|iPhone.Deploy.0 = Release|x86
		{122D5B3C-CA22-4327-9C3F-F2E766100952}.Ad-Hoc|iPhoneSimulator.ActiveCfg = Release|x86
		{122D5B3C-CA22-4327-9C3F-F2E766100952}.Ad-Hoc|iPhoneSimulator.Build.0 = Release|x86
		{122D5B3C-CA22-4327-9C3F-F2E766100952}.Ad-Hoc|iPhoneSimulator.Deploy.0 = Release|x86
		{122D5B3C-CA22-4327-9C3F-F2E766100952}.Ad-Hoc|x64.ActiveCfg = Release|x64
		{122D5B3C-CA22-4327-9C3F-F2E766100952}.Ad-Hoc|x64.Build.0 = Release|x64
		{122D5B3C-CA22-4327-9C3F-F2E766100952}.Ad-Hoc|x64.Deploy.0 = Release|x64
		{122D5B3C-CA22-4327-9C3F-F2E766100952}.Ad-Hoc|x86.ActiveCfg = Release|x86
		{122D5B3C-CA22-4327-9C3F-F2E766100952}.Ad-Hoc|x86.Build.0 = Release|x86
		{122D5B3C-CA22-4327-9C3F-F2E766100952}.Ad-Hoc|x86.Deploy.0 = Release|x86
		{122D5B3C-CA22-4327-9C3F-F2E766100952}.AppStore|Any CPU.ActiveCfg = Release|x86
		{122D5B3C-CA22-4327-9C3F-F2E766100952}.AppStore|Any CPU.Build.0 = Release|x86
		{122D5B3C-CA22-4327-9C3F-F2E766100952}.AppStore|Any CPU.Deploy.0 = Release|x86
		{122D5B3C-CA22-4327-9C3F-F2E766100952}.AppStore|ARM.ActiveCfg = Release|ARM
		{122D5B3C-CA22-4327-9C3F-F2E766100952}.AppStore|ARM.Build.0 = Release|ARM
		{122D5B3C-CA22-4327-9C3F-F2E766100952}.AppStore|ARM.Deploy.0 = Release|ARM
		{122D5B3C-CA22-4327-9C3F-F2E766100952}.AppStore|iPhone.ActiveCfg = Release|x86
		{122D5B3C-CA22-4327-9C3F-F2E766100952}.AppStore|iPhone.Build.0 = Release|x86
		{122D5B3C-CA22-4327-9C3F-F2E766100952}.AppStore|iPhone.Deploy.0 = Release|x86
		{122D5B3C-CA22-4327-9C3F-F2E766100952}.AppStore|iPhoneSimulator.ActiveCfg = Release|x86
		{122D5B3C-CA22-4327-9C3F-F2E766100952}.AppStore|iPhoneSimulator.Build.0 = Release|x86
		{122D5B3C-CA22-4327-9C3F-F2E766100952}.AppStore|iPhoneSimulator.Deploy.0 = Release|x86
		{122D5B3C-CA22-4327-9C3F-F2E766100952}.AppStore|x64.ActiveCfg = Release|x64
		{122D5B3C-CA22-4327-9C3F-F2E766100952}.AppStore|x64.Build.0 = Release|x64
		{122D5B3C-CA22-4327-9C3F-F2E766100952}.AppStore|x64.Deploy.0 = Release|x64
		{122D5B3C-CA22-4327-9C3F-F2E766100952}.AppStore|x86.ActiveCfg = Release|x86
		{122D5B3C-CA22-4327-9C3F-F2E766100952}.AppStore|x86.Build.0 = Release|x86
		{122D5B3C-CA22-4327-9C3F-F2E766100952}.AppStore|x86.Deploy.0 = Release|x86
		{122D5B3C-CA22-4327-9C3F-F2E766100952}.Debug|Any CPU.ActiveCfg = Debug|x86
		{122D5B3C-CA22-4327-9C3F-F2E766100952}.Debug|Any CPU.Build.0 = Debug|x86
		{122D5B3C-CA22-4327-9C3F-F2E766100952}.Debug|Any CPU.Deploy.0 = Debug|x86
		{122D5B3C-CA22-4327-9C3F-F2E766100952}.Debug|ARM.ActiveCfg = Debug|ARM
		{122D5B3C-CA22-4327-9C3F-F2E766100952}.Debug|ARM.Build.0 = Debug|ARM
		{122D5B3C-CA22-4327-9C3F-F2E766100952}.Debug|ARM.Deploy.0 = Debug|ARM
		{122D5B3C-CA22-4327-9C3F-F2E766100952}.Debug|iPhone.ActiveCfg = Debug|x86
		{122D5B3C-CA22-4327-9C3F-F2E766100952}.Debug|iPhoneSimulator.ActiveCfg = Debug|x86
		{122D5B3C-CA22-4327-9C3F-F2E766100952}.Debug|x64.ActiveCfg = Debug|x64
		{122D5B3C-CA22-4327-9C3F-F2E766100952}.Debug|x64.Build.0 = Debug|x64
		{122D5B3C-CA22-4327-9C3F-F2E766100952}.Debug|x64.Deploy.0 = Debug|x64
		{122D5B3C-CA22-4327-9C3F-F2E766100952}.Debug|x86.ActiveCfg = Debug|x86
		{122D5B3C-CA22-4327-9C3F-F2E766100952}.Debug|x86.Build.0 = Debug|x86
		{122D5B3C-CA22-4327-9C3F-F2E766100952}.Debug|x86.Deploy.0 = Debug|x86
		{122D5B3C-CA22-4327-9C3F-F2E766100952}.Release|Any CPU.ActiveCfg = Release|x86
		{122D5B3C-CA22-4327-9C3F-F2E766100952}.Release|ARM.ActiveCfg = Release|ARM
		{122D5B3C-CA22-4327-9C3F-F2E766100952}.Release|ARM.Build.0 = Release|ARM
		{122D5B3C-CA22-4327-9C3F-F2E766100952}.Release|ARM.Deploy.0 = Release|ARM
		{122D5B3C-CA22-4327-9C3F-F2E766100952}.Release|iPhone.ActiveCfg = Release|x86
		{122D5B3C-CA22-4327-9C3F-F2E766100952}.Release|iPhoneSimulator.ActiveCfg = Release|x86
		{122D5B3C-CA22-4327-9C3F-F2E766100952}.Release|x64.ActiveCfg = Release|x64
		{122D5B3C-CA22-4327-9C3F-F2E766100952}.Release|x64.Build.0 = Release|x64
		{122D5B3C-CA22-4327-9C3F-F2E766100952}.Release|x64.Deploy.0 = Release|x64
		{122D5B3C-CA22-4327-9C3F-F2E766100952}.Release|x86.ActiveCfg = Release|x86
		{122D5B3C-CA22-4327-9C3F-F2E766100952}.Release|x86.Build.0 = Release|x86
		{122D5B3C-CA22-4327-9C3F-F2E766100952}.Release|x86.Deploy.0 = Release|x86
		{B487B618-9374-4AD6-A3E0-A890CAFF5CD9}.Ad-Hoc|Any CPU.ActiveCfg = Ad-Hoc|iPhone
		{B487B618-9374-4AD6-A3E0-A890CAFF5CD9}.Ad-Hoc|ARM.ActiveCfg = Ad-Hoc|iPhone
		{B487B618-9374-4AD6-A3E0-A890CAFF5CD9}.Ad-Hoc|iPhone.ActiveCfg = Ad-Hoc|iPhone
		{B487B618-9374-4AD6-A3E0-A890CAFF5CD9}.Ad-Hoc|iPhone.Build.0 = Ad-Hoc|iPhone
		{B487B618-9374-4AD6-A3E0-A890CAFF5CD9}.Ad-Hoc|iPhoneSimulator.ActiveCfg = Ad-Hoc|iPhoneSimulator
		{B487B618-9374-4AD6-A3E0-A890CAFF5CD9}.Ad-Hoc|iPhoneSimulator.Build.0 = Ad-Hoc|iPhoneSimulator
		{B487B618-9374-4AD6-A3E0-A890CAFF5CD9}.Ad-Hoc|x64.ActiveCfg = Ad-Hoc|iPhone
		{B487B618-9374-4AD6-A3E0-A890CAFF5CD9}.Ad-Hoc|x86.ActiveCfg = Ad-Hoc|iPhone
		{B487B618-9374-4AD6-A3E0-A890CAFF5CD9}.AppStore|Any CPU.ActiveCfg = AppStore|iPhone
		{B487B618-9374-4AD6-A3E0-A890CAFF5CD9}.AppStore|ARM.ActiveCfg = AppStore|iPhone
		{B487B618-9374-4AD6-A3E0-A890CAFF5CD9}.AppStore|iPhone.ActiveCfg = AppStore|iPhone
		{B487B618-9374-4AD6-A3E0-A890CAFF5CD9}.AppStore|iPhone.Build.0 = AppStore|iPhone
		{B487B618-9374-4AD6-A3E0-A890CAFF5CD9}.AppStore|iPhoneSimulator.ActiveCfg = AppStore|iPhoneSimulator
		{B487B618-9374-4AD6-A3E0-A890CAFF5CD9}.AppStore|iPhoneSimulator.Build.0 = AppStore|iPhoneSimulator
		{B487B618-9374-4AD6-A3E0-A890CAFF5CD9}.AppStore|x64.ActiveCfg = AppStore|iPhone
		{B487B618-9374-4AD6-A3E0-A890CAFF5CD9}.AppStore|x86.ActiveCfg = AppStore|iPhone
		{B487B618-9374-4AD6-A3E0-A890CAFF5CD9}.Debug|Any CPU.ActiveCfg = Debug|iPhone
		{B487B618-9374-4AD6-A3E0-A890CAFF5CD9}.Debug|ARM.ActiveCfg = Debug|iPhone
		{B487B618-9374-4AD6-A3E0-A890CAFF5CD9}.Debug|iPhone.ActiveCfg = Debug|iPhone
		{B487B618-9374-4AD6-A3E0-A890CAFF5CD9}.Debug|iPhone.Build.0 = Debug|iPhone
		{B487B618-9374-4AD6-A3E0-A890CAFF5CD9}.Debug|iPhoneSimulator.ActiveCfg = Debug|iPhoneSimulator
		{B487B618-9374-4AD6-A3E0-A890CAFF5CD9}.Debug|iPhoneSimulator.Build.0 = Debug|iPhoneSimulator
		{B487B618-9374-4AD6-A3E0-A890CAFF5CD9}.Debug|x64.ActiveCfg = Debug|iPhone
		{B487B618-9374-4AD6-A3E0-A890CAFF5CD9}.Debug|x86.ActiveCfg = Debug|iPhone
		{B487B618-9374-4AD6-A3E0-A890CAFF5CD9}.Release|Any CPU.ActiveCfg = Release|iPhone
		{B487B618-9374-4AD6-A3E0-A890CAFF5CD9}.Release|ARM.ActiveCfg = Release|iPhone
		{B487B618-9374-4AD6-A3E0-A890CAFF5CD9}.Release|iPhone.ActiveCfg = Release|iPhone
		{B487B618-9374-4AD6-A3E0-A890CAFF5CD9}.Release|iPhone.Build.0 = Release|iPhone
		{B487B618-9374-4AD6-A3E0-A890CAFF5CD9}.Release|iPhoneSimulator.ActiveCfg = Release|iPhoneSimulator
		{B487B618-9374-4AD6-A3E0-A890CAFF5CD9}.Release|iPhoneSimulator.Build.0 = Release|iPhoneSimulator
		{B487B618-9374-4AD6-A3E0-A890CAFF5CD9}.Release|x64.ActiveCfg = Release|iPhone
		{B487B618-9374-4AD6-A3E0-A890CAFF5CD9}.Release|x86.ActiveCfg = Release|iPhone
	EndGlobalSection
	GlobalSection(SolutionProperties) = preSolution
		HideSolutionNode = FALSE
	EndGlobalSection
	GlobalSection(ExtensibilityGlobals) = postSolution
		SolutionGuid = {2CA9EC22-527D-4FD7-B339-2288B1D81FB1}
	EndGlobalSection
EndGlobal
